
Microsoft Visual Studio Solution File, Format Version 12.00
# Visual Studio 14
VisualStudioVersion = 14.0.25123.0
MinimumVisualStudioVersion = 10.0.40219.1
Project("{262852C6-CD72-467D-83FE-5EEB1973A190}") = "WinJS-BackGroundTaskTest", "WinJS-BackGroundTaskTest\WinJS-BackGroundTaskTest.jsproj", "{1B62CE87-FA17-43F9-AF43-CED22D8480BB}"
EndProject
Project("{FAE04EC0-301F-11D3-BF4B-00C04F79EFBC}") = "NotificationsExtensions", "NotificationsExtensions\NotificationsExtensions.csproj", "{6E87464B-B064-40CA-8161-7C18C337ADFF}"
EndProject
Project("{8BC9CEB8-8B4A-11D0-8D11-00A0C91BC942}") = "SQLiteUniversalWinJS", "SQLiteUniversalWinJS\SQLiteUniversalWinJS.vcxproj", "{63EA21AA-F709-4D20-B200-9B5DCDC5C53A}"
EndProject
Global
	GlobalSection(SolutionConfigurationPlatforms) = preSolution
		Debug|Any CPU = Debug|Any CPU
		Debug|ARM = Debug|ARM
		Debug|x64 = Debug|x64
		Debug|x86 = Debug|x86
		Release|Any CPU = Release|Any CPU
		Release|ARM = Release|ARM
		Release|x64 = Release|x64
		Release|x86 = Release|x86
	EndGlobalSection
	GlobalSection(ProjectConfigurationPlatforms) = postSolution
		{1B62CE87-FA17-43F9-AF43-CED22D8480BB}.Debug|Any CPU.ActiveCfg = Debug|Any CPU
		{1B62CE87-FA17-43F9-AF43-CED22D8480BB}.Debug|Any CPU.Build.0 = Debug|Any CPU
		{1B62CE87-FA17-43F9-AF43-CED22D8480BB}.Debug|Any CPU.Deploy.0 = Debug|Any CPU
		{1B62CE87-FA17-43F9-AF43-CED22D8480BB}.Debug|ARM.ActiveCfg = Debug|ARM
		{1B62CE87-FA17-43F9-AF43-CED22D8480BB}.Debug|ARM.Build.0 = Debug|ARM
		{1B62CE87-FA17-43F9-AF43-CED22D8480BB}.Debug|ARM.Deploy.0 = Debug|ARM
		{1B62CE87-FA17-43F9-AF43-CED22D8480BB}.Debug|x64.ActiveCfg = Debug|x64
		{1B62CE87-FA17-43F9-AF43-CED22D8480BB}.Debug|x64.Build.0 = Debug|x64
		{1B62CE87-FA17-43F9-AF43-CED22D8480BB}.Debug|x64.Deploy.0 = Debug|x64
		{1B62CE87-FA17-43F9-AF43-CED22D8480BB}.Debug|x86.ActiveCfg = Debug|x86
		{1B62CE87-FA17-43F9-AF43-CED22D8480BB}.Debug|x86.Build.0 = Debug|x86
		{1B62CE87-FA17-43F9-AF43-CED22D8480BB}.Debug|x86.Deploy.0 = Debug|x86
		{1B62CE87-FA17-43F9-AF43-CED22D8480BB}.Release|Any CPU.ActiveCfg = Release|Any CPU
		{1B62CE87-FA17-43F9-AF43-CED22D8480BB}.Release|Any CPU.Build.0 = Release|Any CPU
		{1B62CE87-FA17-43F9-AF43-CED22D8480BB}.Release|Any CPU.Deploy.0 = Release|Any CPU
		{1B62CE87-FA17-43F9-AF43-CED22D8480BB}.Release|ARM.ActiveCfg = Release|ARM
		{1B62CE87-FA17-43F9-AF43-CED22D8480BB}.Release|ARM.Build.0 = Release|ARM
		{1B62CE87-FA17-43F9-AF43-CED22D8480BB}.Release|ARM.Deploy.0 = Release|ARM
		{1B62CE87-FA17-43F9-AF43-CED22D8480BB}.Release|x64.ActiveCfg = Release|x64
		{1B62CE87-FA17-43F9-AF43-CED22D8480BB}.Release|x64.Build.0 = Release|x64
		{1B62CE87-FA17-43F9-AF43-CED22D8480BB}.Release|x64.Deploy.0 = Release|x64
		{1B62CE87-FA17-43F9-AF43-CED22D8480BB}.Release|x86.ActiveCfg = Release|x86
		{1B62CE87-FA17-43F9-AF43-CED22D8480BB}.Release|x86.Build.0 = Release|x86
		{1B62CE87-FA17-43F9-AF43-CED22D8480BB}.Release|x86.Deploy.0 = Release|x86
		{6E87464B-B064-40CA-8161-7C18C337ADFF}.Debug|Any CPU.ActiveCfg = Debug|Any CPU
		{6E87464B-B064-40CA-8161-7C18C337ADFF}.Debug|Any CPU.Build.0 = Debug|Any CPU
		{6E87464B-B064-40CA-8161-7C18C337ADFF}.Debug|ARM.ActiveCfg = Debug|ARM
		{6E87464B-B064-40CA-8161-7C18C337ADFF}.Debug|ARM.Build.0 = Debug|ARM
		{6E87464B-B064-40CA-8161-7C18C337ADFF}.Debug|x64.ActiveCfg = Debug|x64
		{6E87464B-B064-40CA-8161-7C18C337ADFF}.Debug|x64.Build.0 = Debug|x64
		{6E87464B-B064-40CA-8161-7C18C337ADFF}.Debug|x86.ActiveCfg = Debug|x86
		{6E87464B-B064-40CA-8161-7C18C337ADFF}.Debug|x86.Build.0 = Debug|x86
		{6E87464B-B064-40CA-8161-7C18C337ADFF}.Release|Any CPU.ActiveCfg = Release|Any CPU
		{6E87464B-B064-40CA-8161-7C18C337ADFF}.Release|Any CPU.Build.0 = Release|Any CPU
		{6E87464B-B064-40CA-8161-7C18C337ADFF}.Release|ARM.ActiveCfg = Release|ARM
		{6E87464B-B064-40CA-8161-7C18C337ADFF}.Release|ARM.Build.0 = Release|ARM
		{6E87464B-B064-40CA-8161-7C18C337ADFF}.Release|x64.ActiveCfg = Release|x64
		{6E87464B-B064-40CA-8161-7C18C337ADFF}.Release|x64.Build.0 = Release|x64
		{6E87464B-B064-40CA-8161-7C18C337ADFF}.Release|x86.ActiveCfg = Release|x86
		{6E87464B-B064-40CA-8161-7C18C337ADFF}.Release|x86.Build.0 = Release|x86
		{63EA21AA-F709-4D20-B200-9B5DCDC5C53A}.Debug|Any CPU.ActiveCfg = Debug|Win32
		{63EA21AA-F709-4D20-B200-9B5DCDC5C53A}.Debug|ARM.ActiveCfg = Debug|ARM
		{63EA21AA-F709-4D20-B200-9B5DCDC5C53A}.Debug|ARM.Build.0 = Debug|ARM
		{63EA21AA-F709-4D20-B200-9B5DCDC5C53A}.Debug|x64.ActiveCfg = Debug|x64
		{63EA21AA-F709-4D20-B200-9B5DCDC5C53A}.Debug|x64.Build.0 = Debug|x64
		{63EA21AA-F709-4D20-B200-9B5DCDC5C53A}.Debug|x86.ActiveCfg = Debug|Win32
		{63EA21AA-F709-4D20-B200-9B5DCDC5C53A}.Debug|x86.Build.0 = Debug|Win32
		{63EA21AA-F709-4D20-B200-9B5DCDC5C53A}.Release|Any CPU.ActiveCfg = Release|Win32
		{63EA21AA-F709-4D20-B200-9B5DCDC5C53A}.Release|ARM.ActiveCfg = Release|ARM
		{63EA21AA-F709-4D20-B200-9B5DCDC5C53A}.Release|ARM.Build.0 = Release|ARM
		{63EA21AA-F709-4D20-B200-9B5DCDC5C53A}.Release|x64.ActiveCfg = Release|x64
		{63EA21AA-F709-4D20-B200-9B5DCDC5C53A}.Release|x64.Build.0 = Release|x64
		{63EA21AA-F709-4D20-B200-9B5DCDC5C53A}.Release|x86.ActiveCfg = Release|Win32
		{63EA21AA-F709-4D20-B200-9B5DCDC5C53A}.Release|x86.Build.0 = Release|Win32
	EndGlobalSection
	GlobalSection(SolutionProperties) = preSolution
		HideSolutionNode = FALSE
	EndGlobalSection
EndGlobal
